// !$*UTF8*$!
{
	archiveVersion = 1;
	classes = {
	};
	objectVersion = 56;
	objects = {

/* Begin PBXBuildFile section */
		DD406FDC2A95FA6C0036F277 /* Sanskrit_Auto_CorrectionApp.swift in Sources */ = {isa = PBXBuildFile; fileRef = DD406FDB2A95FA6C0036F277 /* Sanskrit_Auto_CorrectionApp.swift */; };
		DD406FDE2A95FA6C0036F277 /* ContentView.swift in Sources */ = {isa = PBXBuildFile; fileRef = DD406FDD2A95FA6C0036F277 /* ContentView.swift */; };
		DD406FE02A95FA6D0036F277 /* Assets.xcassets in Resources */ = {isa = PBXBuildFile; fileRef = DD406FDF2A95FA6D0036F277 /* Assets.xcassets */; };
		DD406FE42A95FA6D0036F277 /* Preview Assets.xcassets in Resources */ = {isa = PBXBuildFile; fileRef = DD406FE32A95FA6D0036F277 /* Preview Assets.xcassets */; };
		DD406FEC2A975A400036F277 /* Asanas.swift in Sources */ = {isa = PBXBuildFile; fileRef = DD406FEB2A975A400036F277 /* Asanas.swift */; };
		DD406FEE2A9760DC0036F277 /* Pranayama.swift in Sources */ = {isa = PBXBuildFile; fileRef = DD406FED2A9760DC0036F277 /* Pranayama.swift */; };
		DD406FF02A976EF20036F277 /* Hint.swift in Sources */ = {isa = PBXBuildFile; fileRef = DD406FEF2A976EF20036F277 /* Hint.swift */; };
		DD406FF22A976FC70036F277 /* SanskritTerm.swift in Sources */ = {isa = PBXBuildFile; fileRef = DD406FF12A976FC70036F277 /* SanskritTerm.swift */; };
		DD406FF42A977F2F0036F277 /* General.swift in Sources */ = {isa = PBXBuildFile; fileRef = DD406FF32A977F2F0036F277 /* General.swift */; };
		DD406FF62A97820E0036F277 /* Ashtanga.swift in Sources */ = {isa = PBXBuildFile; fileRef = DD406FF52A97820E0036F277 /* Ashtanga.swift */; };
		DD406FF82A9783E20036F277 /* Chakras.swift in Sources */ = {isa = PBXBuildFile; fileRef = DD406FF72A9783E20036F277 /* Chakras.swift */; };
		DD406FFA2A9784BC0036F277 /* Mantras.swift in Sources */ = {isa = PBXBuildFile; fileRef = DD406FF92A9784BB0036F277 /* Mantras.swift */; };
		DD406FFC2A9784CD0036F277 /* Dhyanas.swift in Sources */ = {isa = PBXBuildFile; fileRef = DD406FFB2A9784CD0036F277 /* Dhyanas.swift */; };
		DD406FFE2A9785380036F277 /* Sutras.swift in Sources */ = {isa = PBXBuildFile; fileRef = DD406FFD2A9785380036F277 /* Sutras.swift */; };
		DD4070002A9788FB0036F277 /* Bhandas.swift in Sources */ = {isa = PBXBuildFile; fileRef = DD406FFF2A9788FB0036F277 /* Bhandas.swift */; };
		DD4070022A9789090036F277 /* Mudras.swift in Sources */ = {isa = PBXBuildFile; fileRef = DD4070012A9789090036F277 /* Mudras.swift */; };
		DD4070042A978BA70036F277 /* Nadis.swift in Sources */ = {isa = PBXBuildFile; fileRef = DD4070032A978BA70036F277 /* Nadis.swift */; };
		DD4070062A978BE00036F277 /* Pranavayus.swift in Sources */ = {isa = PBXBuildFile; fileRef = DD4070052A978BE00036F277 /* Pranavayus.swift */; };
		DD4070082A978C240036F277 /* Kriya.swift in Sources */ = {isa = PBXBuildFile; fileRef = DD4070072A978C240036F277 /* Kriya.swift */; };
		DD40700A2A978C3B0036F277 /* Pranas.swift in Sources */ = {isa = PBXBuildFile; fileRef = DD4070092A978C3B0036F277 /* Pranas.swift */; };
		DD40700C2A978CD70036F277 /* Pratyahara.swift in Sources */ = {isa = PBXBuildFile; fileRef = DD40700B2A978CD70036F277 /* Pratyahara.swift */; };
		DD40700E2A978D200036F277 /* Koshas.swift in Sources */ = {isa = PBXBuildFile; fileRef = DD40700D2A978D200036F277 /* Koshas.swift */; };
		DD4070102A978D6C0036F277 /* YogaPaths.swift in Sources */ = {isa = PBXBuildFile; fileRef = DD40700F2A978D6C0036F277 /* YogaPaths.swift */; };
		DD4070122A978DB20036F277 /* Styles.swift in Sources */ = {isa = PBXBuildFile; fileRef = DD4070112A978DB20036F277 /* Styles.swift */; };
		DD4070142A978DDF0036F277 /* Kleshas.swift in Sources */ = {isa = PBXBuildFile; fileRef = DD4070132A978DDF0036F277 /* Kleshas.swift */; };
		DD4070162A978DEA0036F277 /* Gunas.swift in Sources */ = {isa = PBXBuildFile; fileRef = DD4070152A978DEA0036F277 /* Gunas.swift */; };
		DD4070182A978E660036F277 /* Ayurveda.swift in Sources */ = {isa = PBXBuildFile; fileRef = DD4070172A978E660036F277 /* Ayurveda.swift */; };
		DD40701A2A978ECF0036F277 /* Kumbhakas.swift in Sources */ = {isa = PBXBuildFile; fileRef = DD4070192A978ECF0036F277 /* Kumbhakas.swift */; };
		DD40701E2A9790980036F277 /* Kirtan.swift in Sources */ = {isa = PBXBuildFile; fileRef = DD40701D2A9790980036F277 /* Kirtan.swift */; };
/* End PBXBuildFile section */

/* Begin PBXFileReference section */
		DD406FD82A95FA6C0036F277 /* Sanskrit Auto-Correction.app */ = {isa = PBXFileReference; explicitFileType = wrapper.application; includeInIndex = 0; path = "Sanskrit Auto-Correction.app"; sourceTree = BUILT_PRODUCTS_DIR; };
		DD406FDB2A95FA6C0036F277 /* Sanskrit_Auto_CorrectionApp.swift */ = {isa = PBXFileReference; lastKnownFileType = sourcecode.swift; path = Sanskrit_Auto_CorrectionApp.swift; sourceTree = "<group>"; };
		DD406FDD2A95FA6C0036F277 /* ContentView.swift */ = {isa = PBXFileReference; lastKnownFileType = sourcecode.swift; path = ContentView.swift; sourceTree = "<group>"; };
		DD406FDF2A95FA6D0036F277 /* Assets.xcassets */ = {isa = PBXFileReference; lastKnownFileType = folder.assetcatalog; path = Assets.xcassets; sourceTree = "<group>"; };
		DD406FE12A95FA6D0036F277 /* Sanskrit_Auto_Correction.entitlements */ = {isa = PBXFileReference; lastKnownFileType = text.plist.entitlements; path = Sanskrit_Auto_Correction.entitlements; sourceTree = "<group>"; };
		DD406FE32A95FA6D0036F277 /* Preview Assets.xcassets */ = {isa = PBXFileReference; lastKnownFileType = folder.assetcatalog; path = "Preview Assets.xcassets"; sourceTree = "<group>"; };
		DD406FEB2A975A400036F277 /* Asanas.swift */ = {isa = PBXFileReference; lastKnownFileType = sourcecode.swift; path = Asanas.swift; sourceTree = "<group>"; };
		DD406FED2A9760DC0036F277 /* Pranayama.swift */ = {isa = PBXFileReference; lastKnownFileType = sourcecode.swift; path = Pranayama.swift; sourceTree = "<group>"; };
		DD406FEF2A976EF20036F277 /* Hint.swift */ = {isa = PBXFileReference; lastKnownFileType = sourcecode.swift; path = Hint.swift; sourceTree = "<group>"; };
		DD406FF12A976FC70036F277 /* SanskritTerm.swift */ = {isa = PBXFileReference; lastKnownFileType = sourcecode.swift; path = SanskritTerm.swift; sourceTree = "<group>"; };
		DD406FF32A977F2F0036F277 /* General.swift */ = {isa = PBXFileReference; lastKnownFileType = sourcecode.swift; path = General.swift; sourceTree = "<group>"; };
		DD406FF52A97820E0036F277 /* Ashtanga.swift */ = {isa = PBXFileReference; lastKnownFileType = sourcecode.swift; path = Ashtanga.swift; sourceTree = "<group>"; };
		DD406FF72A9783E20036F277 /* Chakras.swift */ = {isa = PBXFileReference; lastKnownFileType = sourcecode.swift; path = Chakras.swift; sourceTree = "<group>"; };
		DD406FF92A9784BB0036F277 /* Mantras.swift */ = {isa = PBXFileReference; lastKnownFileType = sourcecode.swift; path = Mantras.swift; sourceTree = "<group>"; };
		DD406FFB2A9784CD0036F277 /* Dhyanas.swift */ = {isa = PBXFileReference; lastKnownFileType = sourcecode.swift; path = Dhyanas.swift; sourceTree = "<group>"; };
		DD406FFD2A9785380036F277 /* Sutras.swift */ = {isa = PBXFileReference; lastKnownFileType = sourcecode.swift; path = Sutras.swift; sourceTree = "<group>"; };
		DD406FFF2A9788FB0036F277 /* Bhandas.swift */ = {isa = PBXFileReference; lastKnownFileType = sourcecode.swift; path = Bhandas.swift; sourceTree = "<group>"; };
		DD4070012A9789090036F277 /* Mudras.swift */ = {isa = PBXFileReference; lastKnownFileType = sourcecode.swift; path = Mudras.swift; sourceTree = "<group>"; };
		DD4070032A978BA70036F277 /* Nadis.swift */ = {isa = PBXFileReference; lastKnownFileType = sourcecode.swift; path = Nadis.swift; sourceTree = "<group>"; };
		DD4070052A978BE00036F277 /* Pranavayus.swift */ = {isa = PBXFileReference; lastKnownFileType = sourcecode.swift; path = Pranavayus.swift; sourceTree = "<group>"; };
		DD4070072A978C240036F277 /* Kriya.swift */ = {isa = PBXFileReference; lastKnownFileType = sourcecode.swift; path = Kriya.swift; sourceTree = "<group>"; };
		DD4070092A978C3B0036F277 /* Pranas.swift */ = {isa = PBXFileReference; lastKnownFileType = sourcecode.swift; path = Pranas.swift; sourceTree = "<group>"; };
		DD40700B2A978CD70036F277 /* Pratyahara.swift */ = {isa = PBXFileReference; lastKnownFileType = sourcecode.swift; path = Pratyahara.swift; sourceTree = "<group>"; };
		DD40700D2A978D200036F277 /* Koshas.swift */ = {isa = PBXFileReference; lastKnownFileType = sourcecode.swift; path = Koshas.swift; sourceTree = "<group>"; };
		DD40700F2A978D6C0036F277 /* YogaPaths.swift */ = {isa = PBXFileReference; lastKnownFileType = sourcecode.swift; path = YogaPaths.swift; sourceTree = "<group>"; };
		DD4070112A978DB20036F277 /* Styles.swift */ = {isa = PBXFileReference; lastKnownFileType = sourcecode.swift; path = Styles.swift; sourceTree = "<group>"; };
		DD4070132A978DDF0036F277 /* Kleshas.swift */ = {isa = PBXFileReference; lastKnownFileType = sourcecode.swift; path = Kleshas.swift; sourceTree = "<group>"; };
		DD4070152A978DEA0036F277 /* Gunas.swift */ = {isa = PBXFileReference; lastKnownFileType = sourcecode.swift; path = Gunas.swift; sourceTree = "<group>"; };
		DD4070172A978E660036F277 /* Ayurveda.swift */ = {isa = PBXFileReference; lastKnownFileType = sourcecode.swift; path = Ayurveda.swift; sourceTree = "<group>"; };
		DD4070192A978ECF0036F277 /* Kumbhakas.swift */ = {isa = PBXFileReference; lastKnownFileType = sourcecode.swift; path = Kumbhakas.swift; sourceTree = "<group>"; };
		DD40701D2A9790980036F277 /* Kirtan.swift */ = {isa = PBXFileReference; lastKnownFileType = sourcecode.swift; path = Kirtan.swift; sourceTree = "<group>"; };
/* End PBXFileReference section */

/* Begin PBXFrameworksBuildPhase section */
		DD406FD52A95FA6C0036F277 /* Frameworks */ = {
			isa = PBXFrameworksBuildPhase;
			buildActionMask = 2147483647;
			files = (
			);
			runOnlyForDeploymentPostprocessing = 0;
		};
/* End PBXFrameworksBuildPhase section */

/* Begin PBXGroup section */
		DD406FCF2A95FA6C0036F277 = {
			isa = PBXGroup;
			children = (
				DD406FDA2A95FA6C0036F277 /* Sanskrit Auto-Correction */,
				DD406FD92A95FA6C0036F277 /* Products */,
			);
			sourceTree = "<group>";
		};
		DD406FD92A95FA6C0036F277 /* Products */ = {
			isa = PBXGroup;
			children = (
				DD406FD82A95FA6C0036F277 /* Sanskrit Auto-Correction.app */,
			);
			name = Products;
			sourceTree = "<group>";
		};
		DD406FDA2A95FA6C0036F277 /* Sanskrit Auto-Correction */ = {
			isa = PBXGroup;
			children = (
				DD406FEA2A975A330036F277 /* terms */,
				DD406FDB2A95FA6C0036F277 /* Sanskrit_Auto_CorrectionApp.swift */,
				DD406FDD2A95FA6C0036F277 /* ContentView.swift */,
				DD406FDF2A95FA6D0036F277 /* Assets.xcassets */,
				DD406FE12A95FA6D0036F277 /* Sanskrit_Auto_Correction.entitlements */,
				DD406FE22A95FA6D0036F277 /* Preview Content */,
				DD406FEF2A976EF20036F277 /* Hint.swift */,
			);
			path = "Sanskrit Auto-Correction";
			sourceTree = "<group>";
		};
		DD406FE22A95FA6D0036F277 /* Preview Content */ = {
			isa = PBXGroup;
			children = (
				DD406FE32A95FA6D0036F277 /* Preview Assets.xcassets */,
			);
			path = "Preview Content";
			sourceTree = "<group>";
		};
		DD406FEA2A975A330036F277 /* terms */ = {
			isa = PBXGroup;
			children = (
				DD406FEB2A975A400036F277 /* Asanas.swift */,
				DD406FED2A9760DC0036F277 /* Pranayama.swift */,
				DD406FF12A976FC70036F277 /* SanskritTerm.swift */,
				DD406FF32A977F2F0036F277 /* General.swift */,
				DD406FF52A97820E0036F277 /* Ashtanga.swift */,
				DD406FF72A9783E20036F277 /* Chakras.swift */,
				DD406FFB2A9784CD0036F277 /* Dhyanas.swift */,
				DD406FFD2A9785380036F277 /* Sutras.swift */,
				DD406FF92A9784BB0036F277 /* Mantras.swift */,
				DD406FFF2A9788FB0036F277 /* Bhandas.swift */,
				DD4070012A9789090036F277 /* Mudras.swift */,
				DD4070032A978BA70036F277 /* Nadis.swift */,
				DD4070052A978BE00036F277 /* Pranavayus.swift */,
				DD4070072A978C240036F277 /* Kriya.swift */,
				DD4070092A978C3B0036F277 /* Pranas.swift */,
				DD40700B2A978CD70036F277 /* Pratyahara.swift */,
				DD40700D2A978D200036F277 /* Koshas.swift */,
				DD40700F2A978D6C0036F277 /* YogaPaths.swift */,
				DD4070112A978DB20036F277 /* Styles.swift */,
				DD4070132A978DDF0036F277 /* Kleshas.swift */,
				DD4070152A978DEA0036F277 /* Gunas.swift */,
				DD4070172A978E660036F277 /* Ayurveda.swift */,
				DD4070192A978ECF0036F277 /* Kumbhakas.swift */,
				DD40701D2A9790980036F277 /* Kirtan.swift */,
			);
			path = terms;
			sourceTree = "<group>";
		};
/* End PBXGroup section */

/* Begin PBXNativeTarget section */
		DD406FD72A95FA6C0036F277 /* Sanskrit Auto-Correction */ = {
			isa = PBXNativeTarget;
			buildConfigurationList = DD406FE72A95FA6D0036F277 /* Build configuration list for PBXNativeTarget "Sanskrit Auto-Correction" */;
			buildPhases = (
				DD406FD42A95FA6C0036F277 /* Sources */,
				DD406FD52A95FA6C0036F277 /* Frameworks */,
				DD406FD62A95FA6C0036F277 /* Resources */,
			);
			buildRules = (
			);
			dependencies = (
			);
			name = "Sanskrit Auto-Correction";
			productName = "Sanskrit Auto-Correction";
			productReference = DD406FD82A95FA6C0036F277 /* Sanskrit Auto-Correction.app */;
			productType = "com.apple.product-type.application";
		};
/* End PBXNativeTarget section */

/* Begin PBXProject section */
		DD406FD02A95FA6C0036F277 /* Project object */ = {
			isa = PBXProject;
			attributes = {
				BuildIndependentTargetsInParallel = 1;
				LastSwiftUpdateCheck = 1430;
				LastUpgradeCheck = 1430;
				TargetAttributes = {
					DD406FD72A95FA6C0036F277 = {
						CreatedOnToolsVersion = 14.3.1;
					};
				};
			};
			buildConfigurationList = DD406FD32A95FA6C0036F277 /* Build configuration list for PBXProject "Sanskrit Auto-Correction" */;
			compatibilityVersion = "Xcode 14.0";
			developmentRegion = en;
			hasScannedForEncodings = 0;
			knownRegions = (
				en,
				Base,
			);
			mainGroup = DD406FCF2A95FA6C0036F277;
			productRefGroup = DD406FD92A95FA6C0036F277 /* Products */;
			projectDirPath = "";
			projectRoot = "";
			targets = (
				DD406FD72A95FA6C0036F277 /* Sanskrit Auto-Correction */,
			);
		};
/* End PBXProject section */

/* Begin PBXResourcesBuildPhase section */
		DD406FD62A95FA6C0036F277 /* Resources */ = {
			isa = PBXResourcesBuildPhase;
			buildActionMask = 2147483647;
			files = (
				DD406FE42A95FA6D0036F277 /* Preview Assets.xcassets in Resources */,
				DD406FE02A95FA6D0036F277 /* Assets.xcassets in Resources */,
			);
			runOnlyForDeploymentPostprocessing = 0;
		};
/* End PBXResourcesBuildPhase section */

/* Begin PBXSourcesBuildPhase section */
		DD406FD42A95FA6C0036F277 /* Sources */ = {
			isa = PBXSourcesBuildPhase;
			buildActionMask = 2147483647;
			files = (
				DD40700E2A978D200036F277 /* Koshas.swift in Sources */,
				DD40700A2A978C3B0036F277 /* Pranas.swift in Sources */,
				DD406FFA2A9784BC0036F277 /* Mantras.swift in Sources */,
				DD4070142A978DDF0036F277 /* Kleshas.swift in Sources */,
				DD40701E2A9790980036F277 /* Kirtan.swift in Sources */,
				DD4070162A978DEA0036F277 /* Gunas.swift in Sources */,
				DD406FFE2A9785380036F277 /* Sutras.swift in Sources */,
				DD406FF62A97820E0036F277 /* Ashtanga.swift in Sources */,
				DD4070182A978E660036F277 /* Ayurveda.swift in Sources */,
				DD406FF02A976EF20036F277 /* Hint.swift in Sources */,
				DD4070002A9788FB0036F277 /* Bhandas.swift in Sources */,
				DD4070082A978C240036F277 /* Kriya.swift in Sources */,
				DD4070062A978BE00036F277 /* Pranavayus.swift in Sources */,
				DD4070102A978D6C0036F277 /* YogaPaths.swift in Sources */,
				DD406FEE2A9760DC0036F277 /* Pranayama.swift in Sources */,
				DD4070122A978DB20036F277 /* Styles.swift in Sources */,
				DD40700C2A978CD70036F277 /* Pratyahara.swift in Sources */,
				DD406FF42A977F2F0036F277 /* General.swift in Sources */,
				DD406FF22A976FC70036F277 /* SanskritTerm.swift in Sources */,
				DD406FDE2A95FA6C0036F277 /* ContentView.swift in Sources */,
				DD4070042A978BA70036F277 /* Nadis.swift in Sources */,
				DD406FFC2A9784CD0036F277 /* Dhyanas.swift in Sources */,
				DD406FF82A9783E20036F277 /* Chakras.swift in Sources */,
				DD406FDC2A95FA6C0036F277 /* Sanskrit_Auto_CorrectionApp.swift in Sources */,
				DD4070022A9789090036F277 /* Mudras.swift in Sources */,
				DD406FEC2A975A400036F277 /* Asanas.swift in Sources */,
				DD40701A2A978ECF0036F277 /* Kumbhakas.swift in Sources */,
			);
			runOnlyForDeploymentPostprocessing = 0;
		};
/* End PBXSourcesBuildPhase section */

/* Begin XCBuildConfiguration section */
		DD406FE52A95FA6D0036F277 /* Debug */ = {
			isa = XCBuildConfiguration;
			buildSettings = {
				ALWAYS_SEARCH_USER_PATHS = NO;
				CLANG_ANALYZER_NONNULL = YES;
				CLANG_ANALYZER_NUMBER_OBJECT_CONVERSION = YES_AGGRESSIVE;
				CLANG_CXX_LANGUAGE_STANDARD = "gnu++20";
				CLANG_ENABLE_MODULES = YES;
				CLANG_ENABLE_OBJC_ARC = YES;
				CLANG_ENABLE_OBJC_WEAK = YES;
				CLANG_WARN_BLOCK_CAPTURE_AUTORELEASING = YES;
				CLANG_WARN_BOOL_CONVERSION = YES;
				CLANG_WARN_COMMA = YES;
				CLANG_WARN_CONSTANT_CONVERSION = YES;
				CLANG_WARN_DEPRECATED_OBJC_IMPLEMENTATIONS = YES;
				CLANG_WARN_DIRECT_OBJC_ISA_USAGE = YES_ERROR;
				CLANG_WARN_DOCUMENTATION_COMMENTS = YES;
				CLANG_WARN_EMPTY_BODY = YES;
				CLANG_WARN_ENUM_CONVERSION = YES;
				CLANG_WARN_INFINITE_RECURSION = YES;
				CLANG_WARN_INT_CONVERSION = YES;
				CLANG_WARN_NON_LITERAL_NULL_CONVERSION = YES;
				CLANG_WARN_OBJC_IMPLICIT_RETAIN_SELF = YES;
				CLANG_WARN_OBJC_LITERAL_CONVERSION = YES;
				CLANG_WARN_OBJC_ROOT_CLASS = YES_ERROR;
				CLANG_WARN_QUOTED_INCLUDE_IN_FRAMEWORK_HEADER = YES;
				CLANG_WARN_RANGE_LOOP_ANALYSIS = YES;
				CLANG_WARN_STRICT_PROTOTYPES = YES;
				CLANG_WARN_SUSPICIOUS_MOVE = YES;
				CLANG_WARN_UNGUARDED_AVAILABILITY = YES_AGGRESSIVE;
				CLANG_WARN_UNREACHABLE_CODE = YES;
				CLANG_WARN__DUPLICATE_METHOD_MATCH = YES;
				COPY_PHASE_STRIP = NO;
				DEBUG_INFORMATION_FORMAT = dwarf;
				ENABLE_STRICT_OBJC_MSGSEND = YES;
				ENABLE_TESTABILITY = YES;
				GCC_C_LANGUAGE_STANDARD = gnu11;
				GCC_DYNAMIC_NO_PIC = NO;
				GCC_NO_COMMON_BLOCKS = YES;
				GCC_OPTIMIZATION_LEVEL = 0;
				GCC_PREPROCESSOR_DEFINITIONS = (
					"DEBUG=1",
					"$(inherited)",
				);
				GCC_WARN_64_TO_32_BIT_CONVERSION = YES;
				GCC_WARN_ABOUT_RETURN_TYPE = YES_ERROR;
				GCC_WARN_UNDECLARED_SELECTOR = YES;
				GCC_WARN_UNINITIALIZED_AUTOS = YES_AGGRESSIVE;
				GCC_WARN_UNUSED_FUNCTION = YES;
				GCC_WARN_UNUSED_VARIABLE = YES;
				MTL_ENABLE_DEBUG_INFO = INCLUDE_SOURCE;
				MTL_FAST_MATH = YES;
				ONLY_ACTIVE_ARCH = YES;
				SWIFT_ACTIVE_COMPILATION_CONDITIONS = DEBUG;
				SWIFT_OPTIMIZATION_LEVEL = "-Onone";
			};
			name = Debug;
		};
		DD406FE62A95FA6D0036F277 /* Release */ = {
			isa = XCBuildConfiguration;
			buildSettings = {
				ALWAYS_SEARCH_USER_PATHS = NO;
				CLANG_ANALYZER_NONNULL = YES;
				CLANG_ANALYZER_NUMBER_OBJECT_CONVERSION = YES_AGGRESSIVE;
				CLANG_CXX_LANGUAGE_STANDARD = "gnu++20";
				CLANG_ENABLE_MODULES = YES;
				CLANG_ENABLE_OBJC_ARC = YES;
				CLANG_ENABLE_OBJC_WEAK = YES;
				CLANG_WARN_BLOCK_CAPTURE_AUTORELEASING = YES;
				CLANG_WARN_BOOL_CONVERSION = YES;
				CLANG_WARN_COMMA = YES;
				CLANG_WARN_CONSTANT_CONVERSION = YES;
				CLANG_WARN_DEPRECATED_OBJC_IMPLEMENTATIONS = YES;
				CLANG_WARN_DIRECT_OBJC_ISA_USAGE = YES_ERROR;
				CLANG_WARN_DOCUMENTATION_COMMENTS = YES;
				CLANG_WARN_EMPTY_BODY = YES;
				CLANG_WARN_ENUM_CONVERSION = YES;
				CLANG_WARN_INFINITE_RECURSION = YES;
				CLANG_WARN_INT_CONVERSION = YES;
				CLANG_WARN_NON_LITERAL_NULL_CONVERSION = YES;
				CLANG_WARN_OBJC_IMPLICIT_RETAIN_SELF = YES;
				CLANG_WARN_OBJC_LITERAL_CONVERSION = YES;
				CLANG_WARN_OBJC_ROOT_CLASS = YES_ERROR;
				CLANG_WARN_QUOTED_INCLUDE_IN_FRAMEWORK_HEADER = YES;
				CLANG_WARN_RANGE_LOOP_ANALYSIS = YES;
				CLANG_WARN_STRICT_PROTOTYPES = YES;
				CLANG_WARN_SUSPICIOUS_MOVE = YES;
				CLANG_WARN_UNGUARDED_AVAILABILITY = YES_AGGRESSIVE;
				CLANG_WARN_UNREACHABLE_CODE = YES;
				CLANG_WARN__DUPLICATE_METHOD_MATCH = YES;
				COPY_PHASE_STRIP = NO;
				DEBUG_INFORMATION_FORMAT = "dwarf-with-dsym";
				ENABLE_NS_ASSERTIONS = NO;
				ENABLE_STRICT_OBJC_MSGSEND = YES;
				GCC_C_LANGUAGE_STANDARD = gnu11;
				GCC_NO_COMMON_BLOCKS = YES;
				GCC_WARN_64_TO_32_BIT_CONVERSION = YES;
				GCC_WARN_ABOUT_RETURN_TYPE = YES_ERROR;
				GCC_WARN_UNDECLARED_SELECTOR = YES;
				GCC_WARN_UNINITIALIZED_AUTOS = YES_AGGRESSIVE;
				GCC_WARN_UNUSED_FUNCTION = YES;
				GCC_WARN_UNUSED_VARIABLE = YES;
				MTL_ENABLE_DEBUG_INFO = NO;
				MTL_FAST_MATH = YES;
				SWIFT_COMPILATION_MODE = wholemodule;
				SWIFT_OPTIMIZATION_LEVEL = "-O";
			};
			name = Release;
		};
		DD406FE82A95FA6D0036F277 /* Debug */ = {
			isa = XCBuildConfiguration;
			buildSettings = {
				ASSETCATALOG_COMPILER_APPICON_NAME = AppIcon;
				ASSETCATALOG_COMPILER_GLOBAL_ACCENT_COLOR_NAME = AccentColor;
				CODE_SIGN_ENTITLEMENTS = "Sanskrit Auto-Correction/Sanskrit_Auto_Correction.entitlements";
				CODE_SIGN_STYLE = Automatic;
				CURRENT_PROJECT_VERSION = 1;
				DEVELOPMENT_ASSET_PATHS = "\"Sanskrit Auto-Correction/Preview Content\"";
				DEVELOPMENT_TEAM = 9MD9DV36EY;
				ENABLE_HARDENED_RUNTIME = YES;
				ENABLE_PREVIEWS = YES;
				GENERATE_INFOPLIST_FILE = YES;
				INFOPLIST_KEY_CFBundleDisplayName = "Sanskrit Auto-Correction";
				"INFOPLIST_KEY_UIApplicationSceneManifest_Generation[sdk=iphoneos*]" = YES;
				"INFOPLIST_KEY_UIApplicationSceneManifest_Generation[sdk=iphonesimulator*]" = YES;
				"INFOPLIST_KEY_UIApplicationSupportsIndirectInputEvents[sdk=iphoneos*]" = YES;
				"INFOPLIST_KEY_UIApplicationSupportsIndirectInputEvents[sdk=iphonesimulator*]" = YES;
				"INFOPLIST_KEY_UILaunchScreen_Generation[sdk=iphoneos*]" = YES;
				"INFOPLIST_KEY_UILaunchScreen_Generation[sdk=iphonesimulator*]" = YES;
				"INFOPLIST_KEY_UIStatusBarStyle[sdk=iphoneos*]" = UIStatusBarStyleDefault;
				"INFOPLIST_KEY_UIStatusBarStyle[sdk=iphonesimulator*]" = UIStatusBarStyleDefault;
				INFOPLIST_KEY_UISupportedInterfaceOrientations = "UIInterfaceOrientationLandscapeLeft UIInterfaceOrientationLandscapeRight UIInterfaceOrientationPortrait UIInterfaceOrientationPortraitUpsideDown";
				IPHONEOS_DEPLOYMENT_TARGET = 16.0;
				LD_RUNPATH_SEARCH_PATHS = "@executable_path/Frameworks";
				"LD_RUNPATH_SEARCH_PATHS[sdk=macosx*]" = "@executable_path/../Frameworks";
				MACOSX_DEPLOYMENT_TARGET = 13.3;
				MARKETING_VERSION = 1.0;
				PRODUCT_BUNDLE_IDENTIFIER = de.jannikarndt.SankskritAutoCorrection;
				PRODUCT_NAME = "$(TARGET_NAME)";
				SDKROOT = auto;
				SUPPORTED_PLATFORMS = "iphoneos iphonesimulator macosx";
				SWIFT_EMIT_LOC_STRINGS = YES;
				SWIFT_VERSION = 5.0;
				TARGETED_DEVICE_FAMILY = "1,2";
			};
			name = Debug;
		};
		DD406FE92A95FA6D0036F277 /* Release */ = {
			isa = XCBuildConfiguration;
			buildSettings = {
				ASSETCATALOG_COMPILER_APPICON_NAME = AppIcon;
				ASSETCATALOG_COMPILER_GLOBAL_ACCENT_COLOR_NAME = AccentColor;
				CODE_SIGN_ENTITLEMENTS = "Sanskrit Auto-Correction/Sanskrit_Auto_Correction.entitlements";
				CODE_SIGN_STYLE = Automatic;
				CURRENT_PROJECT_VERSION = 1;
				DEVELOPMENT_ASSET_PATHS = "\"Sanskrit Auto-Correction/Preview Content\"";
				DEVELOPMENT_TEAM = 9MD9DV36EY;
				ENABLE_HARDENED_RUNTIME = YES;
				ENABLE_PREVIEWS = YES;
				GENERATE_INFOPLIST_FILE = YES;
				INFOPLIST_KEY_CFBundleDisplayName = "Sanskrit Auto-Correction";
				"INFOPLIST_KEY_UIApplicationSceneManifest_Generation[sdk=iphoneos*]" = YES;
				"INFOPLIST_KEY_UIApplicationSceneManifest_Generation[sdk=iphonesimulator*]" = YES;
				"INFOPLIST_KEY_UIApplicationSupportsIndirectInputEvents[sdk=iphoneos*]" = YES;
				"INFOPLIST_KEY_UIApplicationSupportsIndirectInputEvents[sdk=iphonesimulator*]" = YES;
				"INFOPLIST_KEY_UILaunchScreen_Generation[sdk=iphoneos*]" = YES;
				"INFOPLIST_KEY_UILaunchScreen_Generation[sdk=iphonesimulator*]" = YES;
				"INFOPLIST_KEY_UIStatusBarStyle[sdk=iphoneos*]" = UIStatusBarStyleDefault;
				"INFOPLIST_KEY_UIStatusBarStyle[sdk=iphonesimulator*]" = UIStatusBarStyleDefault;
				INFOPLIST_KEY_UISupportedInterfaceOrientations = "UIInterfaceOrientationLandscapeLeft UIInterfaceOrientationLandscapeRight UIInterfaceOrientationPortrait UIInterfaceOrientationPortraitUpsideDown";
				IPHONEOS_DEPLOYMENT_TARGET = 16.0;
				LD_RUNPATH_SEARCH_PATHS = "@executable_path/Frameworks";
				"LD_RUNPATH_SEARCH_PATHS[sdk=macosx*]" = "@executable_path/../Frameworks";
				MACOSX_DEPLOYMENT_TARGET = 13.3;
				MARKETING_VERSION = 1.0;
				PRODUCT_BUNDLE_IDENTIFIER = de.jannikarndt.SankskritAutoCorrection;
				PRODUCT_NAME = "$(TARGET_NAME)";
				SDKROOT = auto;
				SUPPORTED_PLATFORMS = "iphoneos iphonesimulator macosx";
				SWIFT_EMIT_LOC_STRINGS = YES;
				SWIFT_VERSION = 5.0;
				TARGETED_DEVICE_FAMILY = "1,2";
			};
			name = Release;
		};
/* End XCBuildConfiguration section */

/* Begin XCConfigurationList section */
		DD406FD32A95FA6C0036F277 /* Build configuration list for PBXProject "Sanskrit Auto-Correction" */ = {
			isa = XCConfigurationList;
			buildConfigurations = (
				DD406FE52A95FA6D0036F277 /* Debug */,
				DD406FE62A95FA6D0036F277 /* Release */,
			);
			defaultConfigurationIsVisible = 0;
			defaultConfigurationName = Release;
		};
		DD406FE72A95FA6D0036F277 /* Build configuration list for PBXNativeTarget "Sanskrit Auto-Correction" */ = {
			isa = XCConfigurationList;
			buildConfigurations = (
				DD406FE82A95FA6D0036F277 /* Debug */,
				DD406FE92A95FA6D0036F277 /* Release */,
			);
			defaultConfigurationIsVisible = 0;
			defaultConfigurationName = Release;
		};
/* End XCConfigurationList section */
	};
	rootObject = DD406FD02A95FA6C0036F277 /* Project object */;
}
